
Microsoft Visual Studio Solution File, Format Version 12.00
# Visual Studio 15
VisualStudioVersion = 15.0.27004.2005
MinimumVisualStudioVersion = 10.0.40219.1
Project("{FAE04EC0-301F-11D3-BF4B-00C04F79EFBC}") = "GigOficial3", "GigOficial3\GigOficial3.csproj", "{35A4E19F-8213-478E-B3D3-73D832F8D786}"
EndProject
Global
	GlobalSection(SolutionConfigurationPlatforms) = preSolution
		Debug|Any CPU = Debug|Any CPU
		Release|Any CPU = Release|Any CPU
	EndGlobalSection
	GlobalSection(ProjectConfigurationPlatforms) = postSolution
		{35A4E19F-8213-478E-B3D3-73D832F8D786}.Debug|Any CPU.ActiveCfg = Debug|Any CPU
		{35A4E19F-8213-478E-B3D3-73D832F8D786}.Debug|Any CPU.Build.0 = Debug|Any CPU
		{35A4E19F-8213-478E-B3D3-73D832F8D786}.Release|Any CPU.ActiveCfg = Release|Any CPU
		{35A4E19F-8213-478E-B3D3-73D832F8D786}.Release|Any CPU.Build.0 = Release|Any CPU
	EndGlobalSection
	GlobalSection(SolutionProperties) = preSolution
		HideSolutionNode = FALSE
	EndGlobalSection
	GlobalSection(ExtensibilityGlobals) = postSolution
		SolutionGuid = {24DF9313-F252-452C-B1A4-958FA94B83A8}
	EndGlobalSection
EndGlobal
